Microsoft Visual Studio Solution File, Format Version 12.00
# Visual Studio Version 17
VisualStudioVersion = 17.5.2.0
MinimumVisualStudioVersion = 10.0.40219.1
Project("{FAE04EC0-301F-11D3-BF4B-00C04F79EFBC}") = "BarangayTech.Maui", "BarangayTech.Maui\BarangayTech.Maui.csproj", "{0511E73D-AEE2-4711-9B94-BBCF83B95D91}"
EndProject
Project("{FAE04EC0-301F-11D3-BF4B-00C04F79EFBC}") = "BarangayTech.Api", "BarangayTech.Api\BarangayTech.Api.csproj", "{989E9739-344A-4C90-917B-24DAF8D198F8}"
EndProject
Global
	GlobalSection(SolutionConfigurationPlatforms) = preSolution
		Debug|Any CPU = Debug|Any CPU
		Release|Any CPU = Release|Any CPU
	EndGlobalSection
	GlobalSection(ProjectConfigurationPlatforms) = postSolution
		{0511E73D-AEE2-4711-9B94-BBCF83B95D91}.Debug|Any CPU.ActiveCfg = Debug|Any CPU
		{0511E73D-AEE2-4711-9B94-BBCF83B95D91}.Debug|Any CPU.Build.0 = Debug|Any CPU
		{0511E73D-AEE2-4711-9B94-BBCF83B95D91}.Release|Any CPU.ActiveCfg = Release|Any CPU
		{0511E73D-AEE2-4711-9B94-BBCF83B95D91}.Release|Any CPU.Build.0 = Release|Any CPU
		{989E9739-344A-4C90-917B-24DAF8D198F8}.Debug|Any CPU.ActiveCfg = Debug|Any CPU
		{989E9739-344A-4C90-917B-24DAF8D198F8}.Debug|Any CPU.Build.0 = Debug|Any CPU
		{989E9739-344A-4C90-917B-24DAF8D198F8}.Release|Any CPU.ActiveCfg = Release|Any CPU
		{989E9739-344A-4C90-917B-24DAF8D198F8}.Release|Any CPU.Build.0 = Release|Any CPU
	EndGlobalSection
	GlobalSection(SolutionProperties) = preSolution
		HideSolutionNode = FALSE
	EndGlobalSection
	GlobalSection(ExtensibilityGlobals) = postSolution
		SolutionGuid = {444A8F8E-2C9D-4469-AA38-7173B0172100}
	EndGlobalSection
EndGlobal
